# THIS IS AN AUTOGENERATED FILE. DO NOT EDIT THIS FILE DIRECTLY.
# yarn lockfile v1


"@ffmpeg/ffmpeg@^0.12.10":
  version "0.12.10"
  resolved "https://registry.yarnpkg.com/@ffmpeg/ffmpeg/-/ffmpeg-0.12.10.tgz#e3cce21f21f11f33dfc1ec1d5ad5694f4a3073c9"
  integrity sha512-lVtk8PW8e+NUzGZhPTWj2P1J4/NyuCrbDD3O9IGpSeLYtUZKBqZO8CNj1WYGghep/MXoM8e1qVY1GztTkf8YYQ==
  dependencies:
    "@ffmpeg/types" "^0.12.2"

"@ffmpeg/types@^0.12.2":
  version "0.12.2"
  resolved "https://registry.yarnpkg.com/@ffmpeg/types/-/types-0.12.2.tgz#bc7eef321ae50225c247091f1f23fd3087c6aa1d"
  integrity sha512-NJtxwPoLb60/z1Klv0ueshguWQ/7mNm106qdHkB4HL49LXszjhjCCiL+ldHJGQ9ai2Igx0s4F24ghigy//ERdA==

"@ffmpeg/util@^0.12.1":
  version "0.12.1"
  resolved "https://registry.yarnpkg.com/@ffmpeg/util/-/util-0.12.1.tgz#98afa20d7b4c0821eebdb205ddcfa5d07b0a4f53"
  integrity sha512-10jjfAKWaDyb8+nAkijcsi9wgz/y26LOc1NKJradNMyCIl6usQcBbhkjX5qhALrSBcOy6TOeksunTYa+a03qNQ==
